
Microsoft Visual Studio Solution File, Format Version 12.00
# Visual Studio Version 16
VisualStudioVersion = 16.0.28917.181
MinimumVisualStudioVersion = 10.0.40219.1
Project("{9A19103F-16F7-4668-BE54-9A1E7A4F7556}") = "WebApplicationMWE", "WebApplicationMWE\WebApplicationMWE.csproj", "{F25CDC11-6B87-4A40-B7D1-CD1D4194C00C}"
EndProject
Project("{9A19103F-16F7-4668-BE54-9A1E7A4F7556}") = "Client", "Client\Client.csproj", "{4279A35E-3E52-4E49-A79E-3ABF0FFCE634}"
EndProject
Project("{FAE04EC0-301F-11D3-BF4B-00C04F79EFBC}") = "Types", "Types\Types.csproj", "{DA1A6FE5-F806-454B-AC5D-D07067E79DFD}"
EndProject
Global
	GlobalSection(SolutionConfigurationPlatforms) = preSolution
		Debug|Any CPU = Debug|Any CPU
		Release|Any CPU = Release|Any CPU
	EndGlobalSection
	GlobalSection(ProjectConfigurationPlatforms) = postSolution
		{F25CDC11-6B87-4A40-B7D1-CD1D4194C00C}.Debug|Any CPU.ActiveCfg = Debug|Any CPU
		{F25CDC11-6B87-4A40-B7D1-CD1D4194C00C}.Debug|Any CPU.Build.0 = Debug|Any CPU
		{F25CDC11-6B87-4A40-B7D1-CD1D4194C00C}.Release|Any CPU.ActiveCfg = Release|Any CPU
		{F25CDC11-6B87-4A40-B7D1-CD1D4194C00C}.Release|Any CPU.Build.0 = Release|Any CPU
		{4279A35E-3E52-4E49-A79E-3ABF0FFCE634}.Debug|Any CPU.ActiveCfg = Debug|Any CPU
		{4279A35E-3E52-4E49-A79E-3ABF0FFCE634}.Debug|Any CPU.Build.0 = Debug|Any CPU
		{4279A35E-3E52-4E49-A79E-3ABF0FFCE634}.Release|Any CPU.ActiveCfg = Release|Any CPU
		{4279A35E-3E52-4E49-A79E-3ABF0FFCE634}.Release|Any CPU.Build.0 = Release|Any CPU
		{DA1A6FE5-F806-454B-AC5D-D07067E79DFD}.Debug|Any CPU.ActiveCfg = Debug|Any CPU
		{DA1A6FE5-F806-454B-AC5D-D07067E79DFD}.Debug|Any CPU.Build.0 = Debug|Any CPU
		{DA1A6FE5-F806-454B-AC5D-D07067E79DFD}.Release|Any CPU.ActiveCfg = Release|Any CPU
		{DA1A6FE5-F806-454B-AC5D-D07067E79DFD}.Release|Any CPU.Build.0 = Release|Any CPU
	EndGlobalSection
	GlobalSection(SolutionProperties) = preSolution
		HideSolutionNode = FALSE
	EndGlobalSection
	GlobalSection(ExtensibilityGlobals) = postSolution
		SolutionGuid = {DB4CD07F-7412-4A0F-B3CB-5B51E0F3EC7F}
	EndGlobalSection
EndGlobal
